
Microsoft Visual Studio Solution File, Format Version 12.00
# Visual Studio Version 17
VisualStudioVersion = 17.6.33815.320
MinimumVisualStudioVersion = 10.0.40219.1
Project("{8BC9CEB8-8B4A-11D0-8D11-00A0C91BC942}") = "onepatcher", "onepatcher\onepatcher.vcxproj", "{9C4E9A48-CF68-45E7-AC20-71D84C7A6201}"
EndProject
Global
	GlobalSection(SolutionConfigurationPlatforms) = preSolution
		Debug|x64 = Debug|x64
		Debug|x86 = Debug|x86
		Release|x64 = Release|x64
		Release|x86 = Release|x86
	EndGlobalSection
	GlobalSection(ProjectConfigurationPlatforms) = postSolution
		{9C4E9A48-CF68-45E7-AC20-71D84C7A6201}.Debug|x64.ActiveCfg = Debug|x64
		{9C4E9A48-CF68-45E7-AC20-71D84C7A6201}.Debug|x64.Build.0 = Debug|x64
		{9C4E9A48-CF68-45E7-AC20-71D84C7A6201}.Debug|x86.ActiveCfg = Debug|Win32
		{9C4E9A48-CF68-45E7-AC20-71D84C7A6201}.Debug|x86.Build.0 = Debug|Win32
		{9C4E9A48-CF68-45E7-AC20-71D84C7A6201}.Release|x64.ActiveCfg = Release|x64
		{9C4E9A48-CF68-45E7-AC20-71D84C7A6201}.Release|x64.Build.0 = Release|x64
		{9C4E9A48-CF68-45E7-AC20-71D84C7A6201}.Release|x86.ActiveCfg = Release|Win32
		{9C4E9A48-CF68-45E7-AC20-71D84C7A6201}.Release|x86.Build.0 = Release|Win32
	EndGlobalSection
	GlobalSection(SolutionProperties) = preSolution
		HideSolutionNode = FALSE
	EndGlobalSection
	GlobalSection(ExtensibilityGlobals) = postSolution
		SolutionGuid = {81423354-C0F8-4895-B22F-235B6F553F34}
	EndGlobalSection
EndGlobal
